
Microsoft Visual Studio Solution File, Format Version 12.00
# Visual Studio 15
VisualStudioVersion = 15.0.27004.2002
MinimumVisualStudioVersion = 10.0.40219.1
Project("{2150E333-8FDC-42A3-9474-1A3956D46DE8}") = ".nuget", ".nuget", "{242B5907-77DF-4122-A66D-8FE98B993094}"
	ProjectSection(SolutionItems) = preProject
		.nuget\NuGet.Config = .nuget\NuGet.Config
		.nuget\NuGet.exe = .nuget\NuGet.exe
		.nuget\NuGet.targets = .nuget\NuGet.targets
	EndProjectSection
EndProject
Project("{FAE04EC0-301F-11D3-BF4B-00C04F79EFBC}") = "StickManWebAPI", "StickManWebAPI\StickManWebAPI.csproj", "{A42AB6EA-2D49-449F-AF7D-20514804445F}"
EndProject
Project("{FAE04EC0-301F-11D3-BF4B-00C04F79EFBC}") = "PushSharp.Core", "PushSharp.Core\PushSharp.Core.csproj", "{836F225F-6CD9-48DE-910C-70F8A7CF54AA}"
EndProject
Project("{FAE04EC0-301F-11D3-BF4B-00C04F79EFBC}") = "PushSharp.Apple", "PushSharp.Apple\PushSharp.Apple.csproj", "{83C67156-893D-4AFF-9169-DB34771989CB}"
EndProject
Project("{FAE04EC0-301F-11D3-BF4B-00C04F79EFBC}") = "StickMan.Database", "StickMan.Database\StickMan.Database.csproj", "{A2CC6F3E-4649-4A1F-8300-55D2C4BF730D}"
EndProject
Project("{FAE04EC0-301F-11D3-BF4B-00C04F79EFBC}") = "StickMan.Services", "StickMan.Services\StickMan.Services.csproj", "{F942E96F-56E8-4094-8188-BCE659BD1D55}"
EndProject
Global
	GlobalSection(SolutionConfigurationPlatforms) = preSolution
		Debug|Any CPU = Debug|Any CPU
		Debug|Mixed Platforms = Debug|Mixed Platforms
		Debug|x86 = Debug|x86
		Release|Any CPU = Release|Any CPU
		Release|Mixed Platforms = Release|Mixed Platforms
		Release|x86 = Release|x86
	EndGlobalSection
	GlobalSection(ProjectConfigurationPlatforms) = postSolution
		{A42AB6EA-2D49-449F-AF7D-20514804445F}.Debug|Any CPU.ActiveCfg = Debug|Any CPU
		{A42AB6EA-2D49-449F-AF7D-20514804445F}.Debug|Any CPU.Build.0 = Debug|Any CPU
		{A42AB6EA-2D49-449F-AF7D-20514804445F}.Debug|Mixed Platforms.ActiveCfg = Debug|Any CPU
		{A42AB6EA-2D49-449F-AF7D-20514804445F}.Debug|Mixed Platforms.Build.0 = Debug|Any CPU
		{A42AB6EA-2D49-449F-AF7D-20514804445F}.Debug|x86.ActiveCfg = Debug|Any CPU
		{A42AB6EA-2D49-449F-AF7D-20514804445F}.Release|Any CPU.ActiveCfg = Release|Any CPU
		{A42AB6EA-2D49-449F-AF7D-20514804445F}.Release|Any CPU.Build.0 = Release|Any CPU
		{A42AB6EA-2D49-449F-AF7D-20514804445F}.Release|Mixed Platforms.ActiveCfg = Release|Any CPU
		{A42AB6EA-2D49-449F-AF7D-20514804445F}.Release|Mixed Platforms.Build.0 = Release|Any CPU
		{A42AB6EA-2D49-449F-AF7D-20514804445F}.Release|x86.ActiveCfg = Release|Any CPU
		{836F225F-6CD9-48DE-910C-70F8A7CF54AA}.Debug|Any CPU.ActiveCfg = Debug|Any CPU
		{836F225F-6CD9-48DE-910C-70F8A7CF54AA}.Debug|Any CPU.Build.0 = Debug|Any CPU
		{836F225F-6CD9-48DE-910C-70F8A7CF54AA}.Debug|Mixed Platforms.ActiveCfg = Debug|Any CPU
		{836F225F-6CD9-48DE-910C-70F8A7CF54AA}.Debug|Mixed Platforms.Build.0 = Debug|Any CPU
		{836F225F-6CD9-48DE-910C-70F8A7CF54AA}.Debug|x86.ActiveCfg = Debug|Any CPU
		{836F225F-6CD9-48DE-910C-70F8A7CF54AA}.Release|Any CPU.ActiveCfg = Release|Any CPU
		{836F225F-6CD9-48DE-910C-70F8A7CF54AA}.Release|Any CPU.Build.0 = Release|Any CPU
		{836F225F-6CD9-48DE-910C-70F8A7CF54AA}.Release|Mixed Platforms.ActiveCfg = Release|Any CPU
		{836F225F-6CD9-48DE-910C-70F8A7CF54AA}.Release|Mixed Platforms.Build.0 = Release|Any CPU
		{836F225F-6CD9-48DE-910C-70F8A7CF54AA}.Release|x86.ActiveCfg = Release|Any CPU
		{83C67156-893D-4AFF-9169-DB34771989CB}.Debug|Any CPU.ActiveCfg = Debug|Any CPU
		{83C67156-893D-4AFF-9169-DB34771989CB}.Debug|Any CPU.Build.0 = Debug|Any CPU
		{83C67156-893D-4AFF-9169-DB34771989CB}.Debug|Mixed Platforms.ActiveCfg = Debug|Any CPU
		{83C67156-893D-4AFF-9169-DB34771989CB}.Debug|Mixed Platforms.Build.0 = Debug|Any CPU
		{83C67156-893D-4AFF-9169-DB34771989CB}.Debug|x86.ActiveCfg = Debug|Any CPU
		{83C67156-893D-4AFF-9169-DB34771989CB}.Release|Any CPU.ActiveCfg = Release|Any CPU
		{83C67156-893D-4AFF-9169-DB34771989CB}.Release|Any CPU.Build.0 = Release|Any CPU
		{83C67156-893D-4AFF-9169-DB34771989CB}.Release|Mixed Platforms.ActiveCfg = Release|Any CPU
		{83C67156-893D-4AFF-9169-DB34771989CB}.Release|Mixed Platforms.Build.0 = Release|Any CPU
		{83C67156-893D-4AFF-9169-DB34771989CB}.Release|x86.ActiveCfg = Release|Any CPU
		{A2CC6F3E-4649-4A1F-8300-55D2C4BF730D}.Debug|Any CPU.ActiveCfg = Debug|Any CPU
		{A2CC6F3E-4649-4A1F-8300-55D2C4BF730D}.Debug|Any CPU.Build.0 = Debug|Any CPU
		{A2CC6F3E-4649-4A1F-8300-55D2C4BF730D}.Debug|Mixed Platforms.ActiveCfg = Debug|Any CPU
		{A2CC6F3E-4649-4A1F-8300-55D2C4BF730D}.Debug|Mixed Platforms.Build.0 = Debug|Any CPU
		{A2CC6F3E-4649-4A1F-8300-55D2C4BF730D}.Debug|x86.ActiveCfg = Debug|Any CPU
		{A2CC6F3E-4649-4A1F-8300-55D2C4BF730D}.Debug|x86.Build.0 = Debug|Any CPU
		{A2CC6F3E-4649-4A1F-8300-55D2C4BF730D}.Release|Any CPU.ActiveCfg = Release|Any CPU
		{A2CC6F3E-4649-4A1F-8300-55D2C4BF730D}.Release|Any CPU.Build.0 = Release|Any CPU
		{A2CC6F3E-4649-4A1F-8300-55D2C4BF730D}.Release|Mixed Platforms.ActiveCfg = Release|Any CPU
		{A2CC6F3E-4649-4A1F-8300-55D2C4BF730D}.Release|Mixed Platforms.Build.0 = Release|Any CPU
		{A2CC6F3E-4649-4A1F-8300-55D2C4BF730D}.Release|x86.ActiveCfg = Release|Any CPU
		{A2CC6F3E-4649-4A1F-8300-55D2C4BF730D}.Release|x86.Build.0 = Release|Any CPU
		{F942E96F-56E8-4094-8188-BCE659BD1D55}.Debug|Any CPU.ActiveCfg = Debug|Any CPU
		{F942E96F-56E8-4094-8188-BCE659BD1D55}.Debug|Any CPU.Build.0 = Debug|Any CPU
		{F942E96F-56E8-4094-8188-BCE659BD1D55}.Debug|Mixed Platforms.ActiveCfg = Debug|Any CPU
		{F942E96F-56E8-4094-8188-BCE659BD1D55}.Debug|Mixed Platforms.Build.0 = Debug|Any CPU
		{F942E96F-56E8-4094-8188-BCE659BD1D55}.Debug|x86.ActiveCfg = Debug|Any CPU
		{F942E96F-56E8-4094-8188-BCE659BD1D55}.Debug|x86.Build.0 = Debug|Any CPU
		{F942E96F-56E8-4094-8188-BCE659BD1D55}.Release|Any CPU.ActiveCfg = Release|Any CPU
		{F942E96F-56E8-4094-8188-BCE659BD1D55}.Release|Any CPU.Build.0 = Release|Any CPU
		{F942E96F-56E8-4094-8188-BCE659BD1D55}.Release|Mixed Platforms.ActiveCfg = Release|Any CPU
		{F942E96F-56E8-4094-8188-BCE659BD1D55}.Release|Mixed Platforms.Build.0 = Release|Any CPU
		{F942E96F-56E8-4094-8188-BCE659BD1D55}.Release|x86.ActiveCfg = Release|Any CPU
		{F942E96F-56E8-4094-8188-BCE659BD1D55}.Release|x86.Build.0 = Release|Any CPU
	EndGlobalSection
	GlobalSection(SolutionProperties) = preSolution
		HideSolutionNode = FALSE
	EndGlobalSection
	GlobalSection(ExtensibilityGlobals) = postSolution
		SolutionGuid = {2B702139-3E42-4F83-B763-43AB1BFAACCE}
	EndGlobalSection
EndGlobal
